// !$*UTF8*$!
{
	archiveVersion = 1;
	classes = {
	};
	objectVersion = 50;
	objects = {

/* Begin PBXBuildFile section */
		996CC8FC23609BBE000F69ED /* AppDelegate.swift in Sources */ = {isa = PBXBuildFile; fileRef = 996CC8FB23609BBE000F69ED /* AppDelegate.swift */; };
		996CC90023609BBE000F69ED /* ViewController.swift in Sources */ = {isa = PBXBuildFile; fileRef = 996CC8FF23609BBE000F69ED /* ViewController.swift */; };
		996CC90323609BBE000F69ED /* Main.storyboard in Resources */ = {isa = PBXBuildFile; fileRef = 996CC90123609BBE000F69ED /* Main.storyboard */; };
		996CC90523609BC0000F69ED /* Assets.xcassets in Resources */ = {isa = PBXBuildFile; fileRef = 996CC90423609BC0000F69ED /* Assets.xcassets */; };
		996CC90823609BC0000F69ED /* LaunchScreen.storyboard in Resources */ = {isa = PBXBuildFile; fileRef = 996CC90623609BC0000F69ED /* LaunchScreen.storyboard */; };
/* End PBXBuildFile section */

/* Begin PBXFileReference section */
		996CC8F823609BBE000F69ED /* UIAlterControllerShow.app */ = {isa = PBXFileReference; explicitFileType = wrapper.application; includeInIndex = 0; path = UIAlterControllerShow.app; sourceTree = BUILT_PRODUCTS_DIR; };
		996CC8FB23609BBE000F69ED /* AppDelegate.swift */ = {isa = PBXFileReference; lastKnownFileType = sourcecode.swift; path = AppDelegate.swift; sourceTree = "<group>"; };
		996CC8FF23609BBE000F69ED /* ViewController.swift */ = {isa = PBXFileReference; lastKnownFileType = sourcecode.swift; path = ViewController.swift; sourceTree = "<group>"; };
		996CC90223609BBE000F69ED /* Base */ = {isa = PBXFileReference; lastKnownFileType = file.storyboard; name = Base; path = Base.lproj/Main.storyboard; sourceTree = "<group>"; };
		996CC90423609BC0000F69ED /* Assets.xcassets */ = {isa = PBXFileReference; lastKnownFileType = folder.assetcatalog; path = Assets.xcassets; sourceTree = "<group>"; };
		996CC90723609BC0000F69ED /* Base */ = {isa = PBXFileReference; lastKnownFileType = file.storyboard; name = Base; path = Base.lproj/LaunchScreen.storyboard; sourceTree = "<group>"; };
		996CC90923609BC0000F69ED /* Info.plist */ = {isa = PBXFileReference; lastKnownFileType = text.plist.xml; path = Info.plist; sourceTree = "<group>"; };
/* End PBXFileReference section */

/* Begin PBXFrameworksBuildPhase section */
		996CC8F523609BBE000F69ED /* Frameworks */ = {
			isa = PBXFrameworksBuildPhase;
			buildActionMask = 2147483647;
			files = (
			);
			runOnlyForDeploymentPostprocessing = 0;
		};
/* End PBXFrameworksBuildPhase section */

/* Begin PBXGroup section */
		996CC8EF23609BBE000F69ED = {
			isa = PBXGroup;
			children = (
				996CC8FA23609BBE000F69ED /* UIAlterControllerShow */,
				996CC8F923609BBE000F69ED /* Products */,
			);
			sourceTree = "<group>";
		};
		996CC8F923609BBE000F69ED /* Products */ = {
			isa = PBXGroup;
			children = (
				996CC8F823609BBE000F69ED /* UIAlterControllerShow.app */,
			);
			name = Products;
			sourceTree = "<group>";
		};
		996CC8FA23609BBE000F69ED /* UIAlterControllerShow */ = {
			isa = PBXGroup;
			children = (
				996CC8FB23609BBE000F69ED /* AppDelegate.swift */,
				996CC8FF23609BBE000F69ED /* ViewController.swift */,
				996CC90123609BBE000F69ED /* Main.storyboard */,
				996CC90423609BC0000F69ED /* Assets.xcassets */,
				996CC90623609BC0000F69ED /* LaunchScreen.storyboard */,
				996CC90923609BC0000F69ED /* Info.plist */,
			);
			path = UIAlterControllerShow;
			sourceTree = "<group>";
		};
/* End PBXGroup section */

/* Begin PBXNativeTarget section */
		996CC8F723609BBE000F69ED /* UIAlterControllerShow */ = {
			isa = PBXNativeTarget;
			buildConfigurationList = 996CC90C23609BC0000F69ED /* Build configuration list for PBXNativeTarget "UIAlterControllerShow" */;
			buildPhases = (
				996CC8F423609BBE000F69ED /* Sources */,
				996CC8F523609BBE000F69ED /* Frameworks */,
				996CC8F623609BBE000F69ED /* Resources */,
			);
			buildRules = (
			);
			dependencies = (
			);
			name = UIAlterControllerShow;
			productName = UIAlterControllerShow;
			productReference = 996CC8F823609BBE000F69ED /* UIAlterControllerShow.app */;
			productType = "com.apple.product-type.application";
		};
/* End PBXNativeTarget section */

/* Begin PBXProject section */
		996CC8F023609BBE000F69ED /* Project object */ = {
			isa = PBXProject;
			attributes = {
				LastSwiftUpdateCheck = 1110;
				LastUpgradeCheck = 1110;
				ORGANIZATIONNAME = "Banghua Zhao";
				TargetAttributes = {
					996CC8F723609BBE000F69ED = {
						CreatedOnToolsVersion = 11.1;
					};
				};
			};
			buildConfigurationList = 996CC8F323609BBE000F69ED /* Build configuration list for PBXProject "UIAlterControllerShow" */;
			compatibilityVersion = "Xcode 9.3";
			developmentRegion = en;
			hasScannedForEncodings = 0;
			knownRegions = (
				en,
				Base,
			);
			mainGroup = 996CC8EF23609BBE000F69ED;
			productRefGroup = 996CC8F923609BBE000F69ED /* Products */;
			projectDirPath = "";
			projectRoot = "";
			targets = (
				996CC8F723609BBE000F69ED /* UIAlterControllerShow */,
			);
		};
/* End PBXProject section */

/* Begin PBXResourcesBuildPhase section */
		996CC8F623609BBE000F69ED /* Resources */ = {
			isa = PBXResourcesBuildPhase;
			buildActionMask = 2147483647;
			files = (
				996CC90823609BC0000F69ED /* LaunchScreen.storyboard in Resources */,
				996CC90523609BC0000F69ED /* Assets.xcassets in Resources */,
				996CC90323609BBE000F69ED /* Main.storyboard in Resources */,
			);
			runOnlyForDeploymentPostprocessing = 0;
		};
/* End PBXResourcesBuildPhase section */

/* Begin PBXSourcesBuildPhase section */
		996CC8F423609BBE000F69ED /* Sources */ = {
			isa = PBXSourcesBuildPhase;
			buildActionMask = 2147483647;
			files = (
				996CC90023609BBE000F69ED /* ViewController.swift in Sources */,
				996CC8FC23609BBE000F69ED /* AppDelegate.swift in Sources */,
			);
			runOnlyForDeploymentPostprocessing = 0;
		};
/* End PBXSourcesBuildPhase section */

/* Begin PBXVariantGroup section */
		996CC90123609BBE000F69ED /* Main.storyboard */ = {
			isa = PBXVariantGroup;
			children = (
				996CC90223609BBE000F69ED /* Base */,
			);
			name = Main.storyboard;
			sourceTree = "<group>";
		};
		996CC90623609BC0000F69ED /* LaunchScreen.storyboard */ = {
			isa = PBXVariantGroup;
			children = (
				996CC90723609BC0000F69ED /* Base */,
			);
			name = LaunchScreen.storyboard;
			sourceTree = "<group>";
		};
/* End PBXVariantGroup section */

/* Begin XCBuildConfiguration section */
		996CC90A23609BC0000F69ED /* Debug */ = {
			isa = XCBuildConfiguration;
			buildSettings = {
				ALWAYS_SEARCH_USER_PATHS = NO;
				CLANG_ANALYZER_NONNULL = YES;
				CLANG_ANALYZER_NUMBER_OBJECT_CONVERSION = YES_AGGRESSIVE;
				CLANG_CXX_LANGUAGE_STANDARD = "gnu++14";
				CLANG_CXX_LIBRARY = "libc++";
				CLANG_ENABLE_MODULES = YES;
				CLANG_ENABLE_OBJC_ARC = YES;
				CLANG_ENABLE_OBJC_WEAK = YES;
				CLANG_WARN_BLOCK_CAPTURE_AUTORELEASING = YES;
				CLANG_WARN_BOOL_CONVERSION = YES;
				CLANG_WARN_COMMA = YES;
				CLANG_WARN_CONSTANT_CONVERSION = YES;
				CLANG_WARN_DEPRECATED_OBJC_IMPLEMENTATIONS = YES;
				CLANG_WARN_DIRECT_OBJC_ISA_USAGE = YES_ERROR;
				CLANG_WARN_DOCUMENTATION_COMMENTS = YES;
				CLANG_WARN_EMPTY_BODY = YES;
				CLANG_WARN_ENUM_CONVERSION = YES;
				CLANG_WARN_INFINITE_RECURSION = YES;
				CLANG_WARN_INT_CONVERSION = YES;
				CLANG_WARN_NON_LITERAL_NULL_CONVERSION = YES;
				CLANG_WARN_OBJC_IMPLICIT_RETAIN_SELF = YES;
				CLANG_WARN_OBJC_LITERAL_CONVERSION = YES;
				CLANG_WARN_OBJC_ROOT_CLASS = YES_ERROR;
				CLANG_WARN_RANGE_LOOP_ANALYSIS = YES;
				CLANG_WARN_STRICT_PROTOTYPES = YES;
				CLANG_WARN_SUSPICIOUS_MOVE = YES;
				CLANG_WARN_UNGUARDED_AVAILABILITY = YES_AGGRESSIVE;
				CLANG_WARN_UNREACHABLE_CODE = YES;
				CLANG_WARN__DUPLICATE_METHOD_MATCH = YES;
				COPY_PHASE_STRIP = NO;
				DEBUG_INFORMATION_FORMAT = dwarf;
				ENABLE_STRICT_OBJC_MSGSEND = YES;
				ENABLE_TESTABILITY = YES;
				GCC_C_LANGUAGE_STANDARD = gnu11;
				GCC_DYNAMIC_NO_PIC = NO;
				GCC_NO_COMMON_BLOCKS = YES;
				GCC_OPTIMIZATION_LEVEL = 0;
				GCC_PREPROCESSOR_DEFINITIONS = (
					"DEBUG=1",
					"$(inherited)",
				);
				GCC_WARN_64_TO_32_BIT_CONVERSION = YES;
				GCC_WARN_ABOUT_RETURN_TYPE = YES_ERROR;
				GCC_WARN_UNDECLARED_SELECTOR = YES;
				GCC_WARN_UNINITIALIZED_AUTOS = YES_AGGRESSIVE;
				GCC_WARN_UNUSED_FUNCTION = YES;
				GCC_WARN_UNUSED_VARIABLE = YES;
				IPHONEOS_DEPLOYMENT_TARGET = 13.1;
				MTL_ENABLE_DEBUG_INFO = INCLUDE_SOURCE;
				MTL_FAST_MATH = YES;
				ONLY_ACTIVE_ARCH = YES;
				SDKROOT = iphoneos;
				SWIFT_ACTIVE_COMPILATION_CONDITIONS = DEBUG;
				SWIFT_OPTIMIZATION_LEVEL = "-Onone";
			};
			name = Debug;
		};
		996CC90B23609BC0000F69ED /* Release */ = {
			isa = XCBuildConfiguration;
			buildSettings = {
				ALWAYS_SEARCH_USER_PATHS = NO;
				CLANG_ANALYZER_NONNULL = YES;
				CLANG_ANALYZER_NUMBER_OBJECT_CONVERSION = YES_AGGRESSIVE;
				CLANG_CXX_LANGUAGE_STANDARD = "gnu++14";
				CLANG_CXX_LIBRARY = "libc++";
				CLANG_ENABLE_MODULES = YES;
				CLANG_ENABLE_OBJC_ARC = YES;
				CLANG_ENABLE_OBJC_WEAK = YES;
				CLANG_WARN_BLOCK_CAPTURE_AUTORELEASING = YES;
				CLANG_WARN_BOOL_CONVERSION = YES;
				CLANG_WARN_COMMA = YES;
				CLANG_WARN_CONSTANT_CONVERSION = YES;
				CLANG_WARN_DEPRECATED_OBJC_IMPLEMENTATIONS = YES;
				CLANG_WARN_DIRECT_OBJC_ISA_USAGE = YES_ERROR;
				CLANG_WARN_DOCUMENTATION_COMMENTS = YES;
				CLANG_WARN_EMPTY_BODY = YES;
				CLANG_WARN_ENUM_CONVERSION = YES;
				CLANG_WARN_INFINITE_RECURSION = YES;
				CLANG_WARN_INT_CONVERSION = YES;
				CLANG_WARN_NON_LITERAL_NULL_CONVERSION = YES;
				CLANG_WARN_OBJC_IMPLICIT_RETAIN_SELF = YES;
				CLANG_WARN_OBJC_LITERAL_CONVERSION = YES;
				CLANG_WARN_OBJC_ROOT_CLASS = YES_ERROR;
				CLANG_WARN_RANGE_LOOP_ANALYSIS = YES;
				CLANG_WARN_STRICT_PROTOTYPES = YES;
				CLANG_WARN_SUSPICIOUS_MOVE = YES;
				CLANG_WARN_UNGUARDED_AVAILABILITY = YES_AGGRESSIVE;
				CLANG_WARN_UNREACHABLE_CODE = YES;
				CLANG_WARN__DUPLICATE_METHOD_MATCH = YES;
				COPY_PHASE_STRIP = NO;
				DEBUG_INFORMATION_FORMAT = "dwarf-with-dsym";
				ENABLE_NS_ASSERTIONS = NO;
				ENABLE_STRICT_OBJC_MSGSEND = YES;
				GCC_C_LANGUAGE_STANDARD = gnu11;
				GCC_NO_COMMON_BLOCKS = YES;
				GCC_WARN_64_TO_32_BIT_CONVERSION = YES;
				GCC_WARN_ABOUT_RETURN_TYPE = YES_ERROR;
				GCC_WARN_UNDECLARED_SELECTOR = YES;
				GCC_WARN_UNINITIALIZED_AUTOS = YES_AGGRESSIVE;
				GCC_WARN_UNUSED_FUNCTION = YES;
				GCC_WARN_UNUSED_VARIABLE = YES;
				IPHONEOS_DEPLOYMENT_TARGET = 13.1;
				MTL_ENABLE_DEBUG_INFO = NO;
				MTL_FAST_MATH = YES;
				SDKROOT = iphoneos;
				SWIFT_COMPILATION_MODE = wholemodule;
				SWIFT_OPTIMIZATION_LEVEL = "-O";
				VALIDATE_PRODUCT = YES;
			};
			name = Release;
		};
		996CC90D23609BC0000F69ED /* Debug */ = {
			isa = XCBuildConfiguration;
			buildSettings = {
				ASSETCATALOG_COMPILER_APPICON_NAME = AppIcon;
				CODE_SIGN_STYLE = Automatic;
				DEVELOPMENT_TEAM = E6968P466E;
				INFOPLIST_FILE = UIAlterControllerShow/Info.plist;
				IPHONEOS_DEPLOYMENT_TARGET = 9.0;
				LD_RUNPATH_SEARCH_PATHS = (
					"$(inherited)",
					"@executable_path/Frameworks",
				);
				PRODUCT_BUNDLE_IDENTIFIER = "Banghua-Zhao.UIAlterControllerShow";
				PRODUCT_NAME = "$(TARGET_NAME)";
				SWIFT_VERSION = 5.0;
				TARGETED_DEVICE_FAMILY = "1,2";
			};
			name = Debug;
		};
		996CC90E23609BC0000F69ED /* Release */ = {
			isa = XCBuildConfiguration;
			buildSettings = {
				ASSETCATALOG_COMPILER_APPICON_NAME = AppIcon;
				CODE_SIGN_STYLE = Automatic;
				DEVELOPMENT_TEAM = E6968P466E;
				INFOPLIST_FILE = UIAlterControllerShow/Info.plist;
				IPHONEOS_DEPLOYMENT_TARGET = 9.0;
				LD_RUNPATH_SEARCH_PATHS = (
					"$(inherited)",
					"@executable_path/Frameworks",
				);
				PRODUCT_BUNDLE_IDENTIFIER = "Banghua-Zhao.UIAlterControllerShow";
				PRODUCT_NAME = "$(TARGET_NAME)";
				SWIFT_VERSION = 5.0;
				TARGETED_DEVICE_FAMILY = "1,2";
			};
			name = Release;
		};
/* End XCBuildConfiguration section */

/* Begin XCConfigurationList section */
		996CC8F323609BBE000F69ED /* Build configuration list for PBXProject "UIAlterControllerShow" */ = {
			isa = XCConfigurationList;
			buildConfigurations = (
				996CC90A23609BC0000F69ED /* Debug */,
				996CC90B23609BC0000F69ED /* Release */,
			);
			defaultConfigurationIsVisible = 0;
			defaultConfigurationName = Release;
		};
		996CC90C23609BC0000F69ED /* Build configuration list for PBXNativeTarget "UIAlterControllerShow" */ = {
			isa = XCConfigurationList;
			buildConfigurations = (
				996CC90D23609BC0000F69ED /* Debug */,
				996CC90E23609BC0000F69ED /* Release */,
			);
			defaultConfigurationIsVisible = 0;
			defaultConfigurationName = Release;
		};
/* End XCConfigurationList section */
	};
	rootObject = 996CC8F023609BBE000F69ED /* Project object */;
}
